
Microsoft Visual Studio Solution File, Format Version 12.00
# Visual Studio Version 17
VisualStudioVersion = 17.8.34511.84
MinimumVisualStudioVersion = 10.0.40219.1
Project("{2150E333-8FDC-42A3-9474-1A3956D46DE8}") = "Core", "Core", "{92DCB36A-BE4F-4A96-BAFB-8A39122D3A5B}"
EndProject
Project("{2150E333-8FDC-42A3-9474-1A3956D46DE8}") = "Frontends", "Frontends", "{AC5DF40A-D249-47F2-B19E-D4503C197BDE}"
EndProject
Project("{2150E333-8FDC-42A3-9474-1A3956D46DE8}") = "Infrastructure", "Infrastructure", "{A753486E-93BC-4367-B4CA-679FD743F848}"
EndProject
Project("{2150E333-8FDC-42A3-9474-1A3956D46DE8}") = "Presentation", "Presentation", "{8BC50893-C733-4125-A447-7E666E76BB79}"
EndProject
Project("{2150E333-8FDC-42A3-9474-1A3956D46DE8}") = "Requirements", "Requirements", "{FB98461C-0B2D-4B5A-8031-A5DCF0831E93}"
EndProject
Project("{FAE04EC0-301F-11D3-BF4B-00C04F79EFBC}") = "MovieApi.Domain", "Core\MovieApi.Domain\MovieApi.Domain.csproj", "{1F280960-DF52-4D13-83F1-D94353D6FAB1}"
EndProject
Project("{FAE04EC0-301F-11D3-BF4B-00C04F79EFBC}") = "MoiveApi.Persistence", "Infrastructure\MoiveApi.Persistence\MoiveApi.Persistence.csproj", "{388ADD31-F709-472F-BA94-D94AB2D0A01E}"
EndProject
Project("{FAE04EC0-301F-11D3-BF4B-00C04F79EFBC}") = "MovieApi.WebApi", "Presentation\MovieApi.WebApi\MovieApi.WebApi.csproj", "{C0D35673-1234-49BE-BE91-2B2704C8AE45}"
EndProject
Project("{FAE04EC0-301F-11D3-BF4B-00C04F79EFBC}") = "MovieApp.Application", "Core\MovieApp.Application\MovieApp.Application.csproj", "{4EAA7502-EF7C-4B4D-A2F2-78A0E6A0FB92}"
EndProject
Global
	GlobalSection(SolutionConfigurationPlatforms) = preSolution
		Debug|Any CPU = Debug|Any CPU
		Release|Any CPU = Release|Any CPU
	EndGlobalSection
	GlobalSection(ProjectConfigurationPlatforms) = postSolution
		{1F280960-DF52-4D13-83F1-D94353D6FAB1}.Debug|Any CPU.ActiveCfg = Debug|Any CPU
		{1F280960-DF52-4D13-83F1-D94353D6FAB1}.Debug|Any CPU.Build.0 = Debug|Any CPU
		{1F280960-DF52-4D13-83F1-D94353D6FAB1}.Release|Any CPU.ActiveCfg = Release|Any CPU
		{1F280960-DF52-4D13-83F1-D94353D6FAB1}.Release|Any CPU.Build.0 = Release|Any CPU
		{388ADD31-F709-472F-BA94-D94AB2D0A01E}.Debug|Any CPU.ActiveCfg = Debug|Any CPU
		{388ADD31-F709-472F-BA94-D94AB2D0A01E}.Debug|Any CPU.Build.0 = Debug|Any CPU
		{388ADD31-F709-472F-BA94-D94AB2D0A01E}.Release|Any CPU.ActiveCfg = Release|Any CPU
		{388ADD31-F709-472F-BA94-D94AB2D0A01E}.Release|Any CPU.Build.0 = Release|Any CPU
		{C0D35673-1234-49BE-BE91-2B2704C8AE45}.Debug|Any CPU.ActiveCfg = Debug|Any CPU
		{C0D35673-1234-49BE-BE91-2B2704C8AE45}.Debug|Any CPU.Build.0 = Debug|Any CPU
		{C0D35673-1234-49BE-BE91-2B2704C8AE45}.Release|Any CPU.ActiveCfg = Release|Any CPU
		{C0D35673-1234-49BE-BE91-2B2704C8AE45}.Release|Any CPU.Build.0 = Release|Any CPU
		{4EAA7502-EF7C-4B4D-A2F2-78A0E6A0FB92}.Debug|Any CPU.ActiveCfg = Debug|Any CPU
		{4EAA7502-EF7C-4B4D-A2F2-78A0E6A0FB92}.Debug|Any CPU.Build.0 = Debug|Any CPU
		{4EAA7502-EF7C-4B4D-A2F2-78A0E6A0FB92}.Release|Any CPU.ActiveCfg = Release|Any CPU
		{4EAA7502-EF7C-4B4D-A2F2-78A0E6A0FB92}.Release|Any CPU.Build.0 = Release|Any CPU
	EndGlobalSection
	GlobalSection(SolutionProperties) = preSolution
		HideSolutionNode = FALSE
	EndGlobalSection
	GlobalSection(NestedProjects) = preSolution
		{1F280960-DF52-4D13-83F1-D94353D6FAB1} = {92DCB36A-BE4F-4A96-BAFB-8A39122D3A5B}
		{388ADD31-F709-472F-BA94-D94AB2D0A01E} = {A753486E-93BC-4367-B4CA-679FD743F848}
		{C0D35673-1234-49BE-BE91-2B2704C8AE45} = {8BC50893-C733-4125-A447-7E666E76BB79}
		{4EAA7502-EF7C-4B4D-A2F2-78A0E6A0FB92} = {92DCB36A-BE4F-4A96-BAFB-8A39122D3A5B}
	EndGlobalSection
	GlobalSection(ExtensibilityGlobals) = postSolution
		SolutionGuid = {25290DA3-197A-4C2C-BE42-D2FBA42F4105}
	EndGlobalSection
EndGlobal
